
Microsoft Visual Studio Solution File, Format Version 12.00
# Visual Studio Version 16
VisualStudioVersion = 16.0.30413.136
MinimumVisualStudioVersion = 10.0.40219.1
Project("{FAE04EC0-301F-11D3-BF4B-00C04F79EFBC}") = "WebAPIFactCore", "WebAPIFactCore\WebAPIFactCore.csproj", "{7E16366E-C7F3-4DA1-9582-4BFC904AF2DB}"
EndProject
Global
	GlobalSection(SolutionConfigurationPlatforms) = preSolution
		Debug|Any CPU = Debug|Any CPU
		Release|Any CPU = Release|Any CPU
	EndGlobalSection
	GlobalSection(ProjectConfigurationPlatforms) = postSolution
		{7E16366E-C7F3-4DA1-9582-4BFC904AF2DB}.Debug|Any CPU.ActiveCfg = Debug|Any CPU
		{7E16366E-C7F3-4DA1-9582-4BFC904AF2DB}.Debug|Any CPU.Build.0 = Debug|Any CPU
		{7E16366E-C7F3-4DA1-9582-4BFC904AF2DB}.Release|Any CPU.ActiveCfg = Release|Any CPU
		{7E16366E-C7F3-4DA1-9582-4BFC904AF2DB}.Release|Any CPU.Build.0 = Release|Any CPU
	EndGlobalSection
	GlobalSection(SolutionProperties) = preSolution
		HideSolutionNode = FALSE
	EndGlobalSection
	GlobalSection(ExtensibilityGlobals) = postSolution
		SolutionGuid = {1A058121-E8CB-445E-9EE7-3CFACC4DB57B}
	EndGlobalSection
EndGlobal
